
Microsoft Visual Studio Solution File, Format Version 11.00
# Visual Studio 2010
Project("{8BC9CEB8-8B4A-11D0-8D11-00A0C91BC942}") = "CS566_Assignment_2", "CS566_Assignment_2\CS566_Assignment_2.vcxproj", "{E6FCCA32-0B8C-4792-B51C-54DF170B38B2}"
EndProject
Global
	GlobalSection(SolutionConfigurationPlatforms) = preSolution
		Debug|Win32 = Debug|Win32
		Release|Win32 = Release|Win32
	EndGlobalSection
	GlobalSection(ProjectConfigurationPlatforms) = postSolution
		{E6FCCA32-0B8C-4792-B51C-54DF170B38B2}.Debug|Win32.ActiveCfg = Debug|Win32
		{E6FCCA32-0B8C-4792-B51C-54DF170B38B2}.Debug|Win32.Build.0 = Debug|Win32
		{E6FCCA32-0B8C-4792-B51C-54DF170B38B2}.Release|Win32.ActiveCfg = Release|Win32
		{E6FCCA32-0B8C-4792-B51C-54DF170B38B2}.Release|Win32.Build.0 = Release|Win32
	EndGlobalSection
	GlobalSection(SolutionProperties) = preSolution
		HideSolutionNode = FALSE
	EndGlobalSection
EndGlobal
